
Microsoft Visual Studio Solution File, Format Version 12.00
# Visual Studio 15
VisualStudioVersion = 15.0.27703.2047
MinimumVisualStudioVersion = 10.0.40219.1
Project("{9A19103F-16F7-4668-BE54-9A1E7A4F7556}") = "Blazor", "Blazor\Blazor.csproj", "{38131D8B-3B2F-458F-8672-419412DA51C7}"
EndProject
Global
	GlobalSection(SolutionConfigurationPlatforms) = preSolution
		Debug|Any CPU = Debug|Any CPU
		Release|Any CPU = Release|Any CPU
	EndGlobalSection
	GlobalSection(ProjectConfigurationPlatforms) = postSolution
		{38131D8B-3B2F-458F-8672-419412DA51C7}.Debug|Any CPU.ActiveCfg = Debug|Any CPU
		{38131D8B-3B2F-458F-8672-419412DA51C7}.Debug|Any CPU.Build.0 = Debug|Any CPU
		{38131D8B-3B2F-458F-8672-419412DA51C7}.Release|Any CPU.ActiveCfg = Release|Any CPU
		{38131D8B-3B2F-458F-8672-419412DA51C7}.Release|Any CPU.Build.0 = Release|Any CPU
	EndGlobalSection
	GlobalSection(SolutionProperties) = preSolution
		HideSolutionNode = FALSE
	EndGlobalSection
	GlobalSection(ExtensibilityGlobals) = postSolution
		SolutionGuid = {79ED0752-66CB-4D3B-B70C-8F0D6E7DB806}
	EndGlobalSection
EndGlobal
